
Microsoft Visual Studio Solution File, Format Version 12.00
# Visual Studio 2012
Project("{FAE04EC0-301F-11D3-BF4B-00C04F79EFBC}") = "FProy", "FProy\FProy.csproj", "{48A69D87-C00F-4B42-8716-88F412592ADA}"
EndProject
Global
	GlobalSection(SolutionConfigurationPlatforms) = preSolution
		Debug|Any CPU = Debug|Any CPU
		Release|Any CPU = Release|Any CPU
	EndGlobalSection
	GlobalSection(ProjectConfigurationPlatforms) = postSolution
		{48A69D87-C00F-4B42-8716-88F412592ADA}.Debug|Any CPU.ActiveCfg = Debug|Any CPU
		{48A69D87-C00F-4B42-8716-88F412592ADA}.Debug|Any CPU.Build.0 = Debug|Any CPU
		{48A69D87-C00F-4B42-8716-88F412592ADA}.Release|Any CPU.ActiveCfg = Release|Any CPU
		{48A69D87-C00F-4B42-8716-88F412592ADA}.Release|Any CPU.Build.0 = Release|Any CPU
	EndGlobalSection
	GlobalSection(SolutionProperties) = preSolution
		HideSolutionNode = FALSE
	EndGlobalSection
EndGlobal
